
Microsoft Visual Studio Solution File, Format Version 12.00
# Visual Studio Version 17
VisualStudioVersion = 17.3.32819.101
MinimumVisualStudioVersion = 10.0.40219.1
Project("{FAE04EC0-301F-11D3-BF4B-00C04F79EFBC}") = "Fellowship", "Fellowship\Fellowship.csproj", "{DE94247D-D42C-431A-A345-F39CDD0AD63B}"
EndProject
Global
	GlobalSection(SolutionConfigurationPlatforms) = preSolution
		Debug|Any CPU = Debug|Any CPU
		Release|Any CPU = Release|Any CPU
	EndGlobalSection
	GlobalSection(ProjectConfigurationPlatforms) = postSolution
		{DE94247D-D42C-431A-A345-F39CDD0AD63B}.Debug|Any CPU.ActiveCfg = Debug|Any CPU
		{DE94247D-D42C-431A-A345-F39CDD0AD63B}.Debug|Any CPU.Build.0 = Debug|Any CPU
		{DE94247D-D42C-431A-A345-F39CDD0AD63B}.Release|Any CPU.ActiveCfg = Release|Any CPU
		{DE94247D-D42C-431A-A345-F39CDD0AD63B}.Release|Any CPU.Build.0 = Release|Any CPU
	EndGlobalSection
	GlobalSection(SolutionProperties) = preSolution
		HideSolutionNode = FALSE
	EndGlobalSection
	GlobalSection(ExtensibilityGlobals) = postSolution
		SolutionGuid = {9850DCEF-7DC2-4336-ACE3-C4AE43C18A0E}
	EndGlobalSection
EndGlobal
