
Microsoft Visual Studio Solution File, Format Version 12.00
# Visual Studio Version 17
VisualStudioVersion = 17.3.32819.101
MinimumVisualStudioVersion = 10.0.40219.1
Project("{FAE04EC0-301F-11D3-BF4B-00C04F79EFBC}") = "Car", "Car\Car.csproj", "{91FDC642-4693-4CD9-873F-75BF40085690}"
EndProject
Global
	GlobalSection(SolutionConfigurationPlatforms) = preSolution
		Debug|Any CPU = Debug|Any CPU
		Release|Any CPU = Release|Any CPU
	EndGlobalSection
	GlobalSection(ProjectConfigurationPlatforms) = postSolution
		{91FDC642-4693-4CD9-873F-75BF40085690}.Debug|Any CPU.ActiveCfg = Debug|Any CPU
		{91FDC642-4693-4CD9-873F-75BF40085690}.Debug|Any CPU.Build.0 = Debug|Any CPU
		{91FDC642-4693-4CD9-873F-75BF40085690}.Release|Any CPU.ActiveCfg = Release|Any CPU
		{91FDC642-4693-4CD9-873F-75BF40085690}.Release|Any CPU.Build.0 = Release|Any CPU
	EndGlobalSection
	GlobalSection(SolutionProperties) = preSolution
		HideSolutionNode = FALSE
	EndGlobalSection
	GlobalSection(ExtensibilityGlobals) = postSolution
		SolutionGuid = {504DDDB9-9631-4933-90D8-F8D05F2D358C}
	EndGlobalSection
EndGlobal
