
Microsoft Visual Studio Solution File, Format Version 12.00
# Visual Studio Version 17
VisualStudioVersion = 17.3.32819.101
MinimumVisualStudioVersion = 10.0.40219.1
Project("{FAE04EC0-301F-11D3-BF4B-00C04F79EFBC}") = "reverseno", "reverseno\reverseno.csproj", "{19CD96D7-A3C3-44F1-9B81-5B64AB3B1D27}"
EndProject
Global
	GlobalSection(SolutionConfigurationPlatforms) = preSolution
		Debug|Any CPU = Debug|Any CPU
		Release|Any CPU = Release|Any CPU
	EndGlobalSection
	GlobalSection(ProjectConfigurationPlatforms) = postSolution
		{19CD96D7-A3C3-44F1-9B81-5B64AB3B1D27}.Debug|Any CPU.ActiveCfg = Debug|Any CPU
		{19CD96D7-A3C3-44F1-9B81-5B64AB3B1D27}.Debug|Any CPU.Build.0 = Debug|Any CPU
		{19CD96D7-A3C3-44F1-9B81-5B64AB3B1D27}.Release|Any CPU.ActiveCfg = Release|Any CPU
		{19CD96D7-A3C3-44F1-9B81-5B64AB3B1D27}.Release|Any CPU.Build.0 = Release|Any CPU
	EndGlobalSection
	GlobalSection(SolutionProperties) = preSolution
		HideSolutionNode = FALSE
	EndGlobalSection
	GlobalSection(ExtensibilityGlobals) = postSolution
		SolutionGuid = {9D51A907-C446-481D-92E9-1725FAA93E38}
	EndGlobalSection
EndGlobal
