
Microsoft Visual Studio Solution File, Format Version 12.00
# Visual Studio Version 17
VisualStudioVersion = 17.3.32819.101
MinimumVisualStudioVersion = 10.0.40219.1
Project("{FAE04EC0-301F-11D3-BF4B-00C04F79EFBC}") = "sumofdigit", "sumofdigit\sumofdigit.csproj", "{E6EEE58C-E6DB-4499-97AC-09E1DE415860}"
EndProject
Global
	GlobalSection(SolutionConfigurationPlatforms) = preSolution
		Debug|Any CPU = Debug|Any CPU
		Release|Any CPU = Release|Any CPU
	EndGlobalSection
	GlobalSection(ProjectConfigurationPlatforms) = postSolution
		{E6EEE58C-E6DB-4499-97AC-09E1DE415860}.Debug|Any CPU.ActiveCfg = Debug|Any CPU
		{E6EEE58C-E6DB-4499-97AC-09E1DE415860}.Debug|Any CPU.Build.0 = Debug|Any CPU
		{E6EEE58C-E6DB-4499-97AC-09E1DE415860}.Release|Any CPU.ActiveCfg = Release|Any CPU
		{E6EEE58C-E6DB-4499-97AC-09E1DE415860}.Release|Any CPU.Build.0 = Release|Any CPU
	EndGlobalSection
	GlobalSection(SolutionProperties) = preSolution
		HideSolutionNode = FALSE
	EndGlobalSection
	GlobalSection(ExtensibilityGlobals) = postSolution
		SolutionGuid = {5EFE22F9-531F-450C-A6AB-3D1542F0F1D0}
	EndGlobalSection
EndGlobal
