
Microsoft Visual Studio Solution File, Format Version 12.00
# Visual Studio Version 17
VisualStudioVersion = 17.3.32819.101
MinimumVisualStudioVersion = 10.0.40219.1
Project("{FAE04EC0-301F-11D3-BF4B-00C04F79EFBC}") = "fibonaciseries", "fibonaciseries\fibonaciseries.csproj", "{269A8A05-742A-4C20-9F13-492382E4B794}"
EndProject
Global
	GlobalSection(SolutionConfigurationPlatforms) = preSolution
		Debug|Any CPU = Debug|Any CPU
		Release|Any CPU = Release|Any CPU
	EndGlobalSection
	GlobalSection(ProjectConfigurationPlatforms) = postSolution
		{269A8A05-742A-4C20-9F13-492382E4B794}.Debug|Any CPU.ActiveCfg = Debug|Any CPU
		{269A8A05-742A-4C20-9F13-492382E4B794}.Debug|Any CPU.Build.0 = Debug|Any CPU
		{269A8A05-742A-4C20-9F13-492382E4B794}.Release|Any CPU.ActiveCfg = Release|Any CPU
		{269A8A05-742A-4C20-9F13-492382E4B794}.Release|Any CPU.Build.0 = Release|Any CPU
	EndGlobalSection
	GlobalSection(SolutionProperties) = preSolution
		HideSolutionNode = FALSE
	EndGlobalSection
	GlobalSection(ExtensibilityGlobals) = postSolution
		SolutionGuid = {8C7EBA30-E5B4-4DCD-8891-A4DEBF6CC135}
	EndGlobalSection
EndGlobal
